
Microsoft Visual Studio Solution File, Format Version 12.00
# Visual Studio Version 16
VisualStudioVersion = 16.0.29324.140
MinimumVisualStudioVersion = 10.0.40219.1
Project("{FAE04EC0-301F-11D3-BF4B-00C04F79EFBC}") = "Demo 20190927", "Demo 20190927\Demo 20190927.csproj", "{468F5A80-E6EC-4026-B4F8-E7795EB8976F}"
EndProject
Global
	GlobalSection(SolutionConfigurationPlatforms) = preSolution
		Debug|Any CPU = Debug|Any CPU
		Release|Any CPU = Release|Any CPU
	EndGlobalSection
	GlobalSection(ProjectConfigurationPlatforms) = postSolution
		{468F5A80-E6EC-4026-B4F8-E7795EB8976F}.Debug|Any CPU.ActiveCfg = Debug|Any CPU
		{468F5A80-E6EC-4026-B4F8-E7795EB8976F}.Debug|Any CPU.Build.0 = Debug|Any CPU
		{468F5A80-E6EC-4026-B4F8-E7795EB8976F}.Release|Any CPU.ActiveCfg = Release|Any CPU
		{468F5A80-E6EC-4026-B4F8-E7795EB8976F}.Release|Any CPU.Build.0 = Release|Any CPU
	EndGlobalSection
	GlobalSection(SolutionProperties) = preSolution
		HideSolutionNode = FALSE
	EndGlobalSection
	GlobalSection(ExtensibilityGlobals) = postSolution
		SolutionGuid = {1D772AD9-ED0F-4B9A-A17E-6B8FF434ECCA}
	EndGlobalSection
EndGlobal
